{
  "requires": true,
  "lockfileVersion": 1,
  "dependencies": {
    "rive-canvas": {
      "version": "0.7.6",
      "resolved": "https://registry.npmjs.org/rive-canvas/-/rive-canvas-0.7.6.tgz",
      "integrity": "sha512-RoZocagAmHs3lhD8nYrpxMtNObMREqdL4kSk63dkQOrKRdtby/N8S9bWFXxPo1kMCZBQz50JiTy4+Ink7QpRLA=="
    }
  }
}
