{
  "requires": true,
  "lockfileVersion": 1,
  "dependencies": {
    "rive-js": {
      "version": "0.7.17",
      "resolved": "https://registry.npmjs.org/rive-js/-/rive-js-0.7.17.tgz",
      "integrity": "sha512-a2PXt4Ocd/xa0pz/9zsbKrDO4ta6ScZ53y9VelzSDo/LNNqEXKVvSnM/BHMzquBt09FrNA/aH6QL43gKjP72Gg=="
    }
  }
}
